
Microsoft Visual Studio Solution File, Format Version 9.00
# Visual Studio 2005
Project("{8BC9CEB8-8B4A-11D0-8D11-00A0C91BC942}") = "drivers", "drivers\drivers.vcproj", "{5FA01368-EE72-4190-B62F-43728DE30593}"
EndProject
Project("{8BC9CEB8-8B4A-11D0-8D11-00A0C91BC942}") = "scanner", "scanner\scanner.vcproj", "{AFBDCD6D-E37B-4F5A-AEE7-69C15501FD5C}"
EndProject
Project("{8BC9CEB8-8B4A-11D0-8D11-00A0C91BC942}") = "swapBuffers", "swapBuffers\swapBuffers.vcproj", "{03700F2A-7E67-4EA4-94A1-1D7B55BC0BD2}"
EndProject
Project("{8BC9CEB8-8B4A-11D0-8D11-00A0C91BC942}") = "scanner_usermode", "scanner_usermode\scanner_usermode.vcproj", "{F910609D-6469-4740-826C-531A849C704F}"
EndProject
Project("{8BC9CEB8-8B4A-11D0-8D11-00A0C91BC942}") = "ctx", "ctx\ctx.vcproj", "{4D083CD6-A13D-4B29-91CE-B8C729183A62}"
EndProject
Project("{8BC9CEB8-8B4A-11D0-8D11-00A0C91BC942}") = "wykbflt", "wykbflt\wykbflt.vcproj", "{29EA2A0A-14B1-475A-8C33-02CCC19D4248}"
EndProject
Project("{8BC9CEB8-8B4A-11D0-8D11-00A0C91BC942}") = "wycomflt", "wycomflt\wycomflt.vcproj", "{61AFC030-B950-4664-833C-D8CC9C1DC8FC}"
EndProject
Project("{8BC9CEB8-8B4A-11D0-8D11-00A0C91BC942}") = "wyfilesysflt", "wyfilesysflt\wyfilesysflt.vcproj", "{C36EAACC-E2D9-4DD4-89DA-43AAB43FAF4A}"
EndProject
Project("{8BC9CEB8-8B4A-11D0-8D11-00A0C91BC942}") = "wyVisualCDRom", "wyVisualCDRom\wyVisualCDRom.vcproj", "{AEA8329C-A7E7-4CC7-BB63-7D0C21CF2123}"
EndProject
Project("{8BC9CEB8-8B4A-11D0-8D11-00A0C91BC942}") = "wyProcMon", "wyProcMon\wyProcMon.vcproj", "{18A0FAF2-6ABD-4CD4-A2B8-D288CB09E79C}"
EndProject
Project("{8BC9CEB8-8B4A-11D0-8D11-00A0C91BC942}") = "wyProcMonSys", "wyProcMonSys\wyProcMonSys.vcproj", "{FE4122D4-855F-4663-8DF8-857C3DFF51CA}"
EndProject
Project("{8BC9CEB8-8B4A-11D0-8D11-00A0C91BC942}") = "rc4", "rc4\rc4.vcproj", "{A15E3976-047A-4DF1-AA7A-B32BDB083B28}"
EndProject
Project("{8BC9CEB8-8B4A-11D0-8D11-00A0C91BC942}") = "SimpleCommunicate", "SimpleCommunicate\SimpleCommunicate.vcproj", "{A999C443-2916-43AD-9CA0-29CEB74F56A8}"
EndProject
Project("{8BC9CEB8-8B4A-11D0-8D11-00A0C91BC942}") = "SimpleCommunicateU", "SimpleCommunicateU\SimpleCommunicateU.vcproj", "{AC2F6992-B58E-4541-9F26-1D4B13DBF0F8}"
EndProject
Project("{8BC9CEB8-8B4A-11D0-8D11-00A0C91BC942}") = "SSDTHOOKDemo", "SSDTHOOKDemo\SSDTHOOKDemo.vcproj", "{734269AC-7CE5-4E9E-BBFE-E881F36785CC}"
EndProject
Project("{8BC9CEB8-8B4A-11D0-8D11-00A0C91BC942}") = "SSDTHOOKDemoU", "SSDTHOOKDemoU\SSDTHOOKDemoU.vcproj", "{63C26851-7522-4ECA-8E3C-7B925D35FCEB}"
EndProject
Project("{8BC9CEB8-8B4A-11D0-8D11-00A0C91BC942}") = "isisf", "isisf\isisf.vcproj", "{ABB644B1-5CAE-45E9-AF73-411EB88F0BEA}"
EndProject
Project("{8BC9CEB8-8B4A-11D0-8D11-00A0C91BC942}") = "simrep", "simrep\simrep.vcproj", "{8AA49796-313C-49BE-AE86-DB1C4605F54A}"
EndProject
Project("{8BC9CEB8-8B4A-11D0-8D11-00A0C91BC942}") = "ISISandBox", "ISISandBox\ISISandBox.vcproj", "{A7561815-7331-4887-8982-40B0B13FAD01}"
EndProject
Project("{8BC9CEB8-8B4A-11D0-8D11-00A0C91BC942}") = "ISISandBoxU", "ISISandBoxU\ISISandBoxU.vcproj", "{65ED32D1-775C-4FFF-8359-CBBCB9EF0D0D}"
EndProject
Project("{8BC9CEB8-8B4A-11D0-8D11-00A0C91BC942}") = "ISISandBoxLib", "ISISandBoxLib\ISISandBoxLib.vcproj", "{CE2384C6-141A-4FED-913C-BF0452212396}"
EndProject
Project("{8BC9CEB8-8B4A-11D0-8D11-00A0C91BC942}") = "ISISandBoxUI", "ISISandBoxUI\ISISandBoxUI.vcproj", "{EF8D0CDB-D1E8-4376-8B3A-78FCB3373533}"
EndProject
Global
	GlobalSection(SolutionConfigurationPlatforms) = preSolution
		Debug|Win32 = Debug|Win32
		Release|Win32 = Release|Win32
	EndGlobalSection
	GlobalSection(ProjectConfigurationPlatforms) = postSolution
		{5FA01368-EE72-4190-B62F-43728DE30593}.Debug|Win32.ActiveCfg = Debug|Win32
		{5FA01368-EE72-4190-B62F-43728DE30593}.Debug|Win32.Build.0 = Debug|Win32
		{5FA01368-EE72-4190-B62F-43728DE30593}.Release|Win32.ActiveCfg = Release|Win32
		{5FA01368-EE72-4190-B62F-43728DE30593}.Release|Win32.Build.0 = Release|Win32
		{AFBDCD6D-E37B-4F5A-AEE7-69C15501FD5C}.Debug|Win32.ActiveCfg = Debug|Win32
		{AFBDCD6D-E37B-4F5A-AEE7-69C15501FD5C}.Debug|Win32.Build.0 = Debug|Win32
		{AFBDCD6D-E37B-4F5A-AEE7-69C15501FD5C}.Release|Win32.ActiveCfg = Release|Win32
		{AFBDCD6D-E37B-4F5A-AEE7-69C15501FD5C}.Release|Win32.Build.0 = Release|Win32
		{03700F2A-7E67-4EA4-94A1-1D7B55BC0BD2}.Debug|Win32.ActiveCfg = Debug|Win32
		{03700F2A-7E67-4EA4-94A1-1D7B55BC0BD2}.Debug|Win32.Build.0 = Debug|Win32
		{03700F2A-7E67-4EA4-94A1-1D7B55BC0BD2}.Release|Win32.ActiveCfg = Release|Win32
		{03700F2A-7E67-4EA4-94A1-1D7B55BC0BD2}.Release|Win32.Build.0 = Release|Win32
		{F910609D-6469-4740-826C-531A849C704F}.Debug|Win32.ActiveCfg = Debug|Win32
		{F910609D-6469-4740-826C-531A849C704F}.Debug|Win32.Build.0 = Debug|Win32
		{F910609D-6469-4740-826C-531A849C704F}.Release|Win32.ActiveCfg = Release|Win32
		{F910609D-6469-4740-826C-531A849C704F}.Release|Win32.Build.0 = Release|Win32
		{4D083CD6-A13D-4B29-91CE-B8C729183A62}.Debug|Win32.ActiveCfg = Debug|Win32
		{4D083CD6-A13D-4B29-91CE-B8C729183A62}.Debug|Win32.Build.0 = Debug|Win32
		{4D083CD6-A13D-4B29-91CE-B8C729183A62}.Release|Win32.ActiveCfg = Release|Win32
		{4D083CD6-A13D-4B29-91CE-B8C729183A62}.Release|Win32.Build.0 = Release|Win32
		{29EA2A0A-14B1-475A-8C33-02CCC19D4248}.Debug|Win32.ActiveCfg = Debug|Win32
		{29EA2A0A-14B1-475A-8C33-02CCC19D4248}.Debug|Win32.Build.0 = Debug|Win32
		{29EA2A0A-14B1-475A-8C33-02CCC19D4248}.Release|Win32.ActiveCfg = Release|Win32
		{29EA2A0A-14B1-475A-8C33-02CCC19D4248}.Release|Win32.Build.0 = Release|Win32
		{61AFC030-B950-4664-833C-D8CC9C1DC8FC}.Debug|Win32.ActiveCfg = Debug|Win32
		{61AFC030-B950-4664-833C-D8CC9C1DC8FC}.Debug|Win32.Build.0 = Debug|Win32
		{61AFC030-B950-4664-833C-D8CC9C1DC8FC}.Release|Win32.ActiveCfg = Release|Win32
		{61AFC030-B950-4664-833C-D8CC9C1DC8FC}.Release|Win32.Build.0 = Release|Win32
		{C36EAACC-E2D9-4DD4-89DA-43AAB43FAF4A}.Debug|Win32.ActiveCfg = Debug|Win32
		{C36EAACC-E2D9-4DD4-89DA-43AAB43FAF4A}.Debug|Win32.Build.0 = Debug|Win32
		{C36EAACC-E2D9-4DD4-89DA-43AAB43FAF4A}.Release|Win32.ActiveCfg = Release|Win32
		{C36EAACC-E2D9-4DD4-89DA-43AAB43FAF4A}.Release|Win32.Build.0 = Release|Win32
		{AEA8329C-A7E7-4CC7-BB63-7D0C21CF2123}.Debug|Win32.ActiveCfg = Debug|Win32
		{AEA8329C-A7E7-4CC7-BB63-7D0C21CF2123}.Debug|Win32.Build.0 = Debug|Win32
		{AEA8329C-A7E7-4CC7-BB63-7D0C21CF2123}.Release|Win32.ActiveCfg = Release|Win32
		{AEA8329C-A7E7-4CC7-BB63-7D0C21CF2123}.Release|Win32.Build.0 = Release|Win32
		{18A0FAF2-6ABD-4CD4-A2B8-D288CB09E79C}.Debug|Win32.ActiveCfg = Debug|Win32
		{18A0FAF2-6ABD-4CD4-A2B8-D288CB09E79C}.Debug|Win32.Build.0 = Debug|Win32
		{18A0FAF2-6ABD-4CD4-A2B8-D288CB09E79C}.Release|Win32.ActiveCfg = Release|Win32
		{18A0FAF2-6ABD-4CD4-A2B8-D288CB09E79C}.Release|Win32.Build.0 = Release|Win32
		{FE4122D4-855F-4663-8DF8-857C3DFF51CA}.Debug|Win32.ActiveCfg = Debug|Win32
		{FE4122D4-855F-4663-8DF8-857C3DFF51CA}.Debug|Win32.Build.0 = Debug|Win32
		{FE4122D4-855F-4663-8DF8-857C3DFF51CA}.Release|Win32.ActiveCfg = Release|Win32
		{FE4122D4-855F-4663-8DF8-857C3DFF51CA}.Release|Win32.Build.0 = Release|Win32
		{A15E3976-047A-4DF1-AA7A-B32BDB083B28}.Debug|Win32.ActiveCfg = Debug|Win32
		{A15E3976-047A-4DF1-AA7A-B32BDB083B28}.Debug|Win32.Build.0 = Debug|Win32
		{A15E3976-047A-4DF1-AA7A-B32BDB083B28}.Release|Win32.ActiveCfg = Release|Win32
		{A15E3976-047A-4DF1-AA7A-B32BDB083B28}.Release|Win32.Build.0 = Release|Win32
		{A999C443-2916-43AD-9CA0-29CEB74F56A8}.Debug|Win32.ActiveCfg = Debug|Win32
		{A999C443-2916-43AD-9CA0-29CEB74F56A8}.Debug|Win32.Build.0 = Debug|Win32
		{A999C443-2916-43AD-9CA0-29CEB74F56A8}.Release|Win32.ActiveCfg = Release|Win32
		{A999C443-2916-43AD-9CA0-29CEB74F56A8}.Release|Win32.Build.0 = Release|Win32
		{AC2F6992-B58E-4541-9F26-1D4B13DBF0F8}.Debug|Win32.ActiveCfg = Debug|Win32
		{AC2F6992-B58E-4541-9F26-1D4B13DBF0F8}.Debug|Win32.Build.0 = Debug|Win32
		{AC2F6992-B58E-4541-9F26-1D4B13DBF0F8}.Release|Win32.ActiveCfg = Release|Win32
		{AC2F6992-B58E-4541-9F26-1D4B13DBF0F8}.Release|Win32.Build.0 = Release|Win32
		{734269AC-7CE5-4E9E-BBFE-E881F36785CC}.Debug|Win32.ActiveCfg = Debug|Win32
		{734269AC-7CE5-4E9E-BBFE-E881F36785CC}.Debug|Win32.Build.0 = Debug|Win32
		{734269AC-7CE5-4E9E-BBFE-E881F36785CC}.Release|Win32.ActiveCfg = Release|Win32
		{734269AC-7CE5-4E9E-BBFE-E881F36785CC}.Release|Win32.Build.0 = Release|Win32
		{63C26851-7522-4ECA-8E3C-7B925D35FCEB}.Debug|Win32.ActiveCfg = Debug|Win32
		{63C26851-7522-4ECA-8E3C-7B925D35FCEB}.Debug|Win32.Build.0 = Debug|Win32
		{63C26851-7522-4ECA-8E3C-7B925D35FCEB}.Release|Win32.ActiveCfg = Release|Win32
		{63C26851-7522-4ECA-8E3C-7B925D35FCEB}.Release|Win32.Build.0 = Release|Win32
		{ABB644B1-5CAE-45E9-AF73-411EB88F0BEA}.Debug|Win32.ActiveCfg = Debug|Win32
		{ABB644B1-5CAE-45E9-AF73-411EB88F0BEA}.Debug|Win32.Build.0 = Debug|Win32
		{ABB644B1-5CAE-45E9-AF73-411EB88F0BEA}.Release|Win32.ActiveCfg = Release|Win32
		{ABB644B1-5CAE-45E9-AF73-411EB88F0BEA}.Release|Win32.Build.0 = Release|Win32
		{8AA49796-313C-49BE-AE86-DB1C4605F54A}.Debug|Win32.ActiveCfg = Debug|Win32
		{8AA49796-313C-49BE-AE86-DB1C4605F54A}.Debug|Win32.Build.0 = Debug|Win32
		{8AA49796-313C-49BE-AE86-DB1C4605F54A}.Release|Win32.ActiveCfg = Release|Win32
		{8AA49796-313C-49BE-AE86-DB1C4605F54A}.Release|Win32.Build.0 = Release|Win32
		{A7561815-7331-4887-8982-40B0B13FAD01}.Debug|Win32.ActiveCfg = Debug|Win32
		{A7561815-7331-4887-8982-40B0B13FAD01}.Debug|Win32.Build.0 = Debug|Win32
		{A7561815-7331-4887-8982-40B0B13FAD01}.Release|Win32.ActiveCfg = Release|Win32
		{A7561815-7331-4887-8982-40B0B13FAD01}.Release|Win32.Build.0 = Release|Win32
		{65ED32D1-775C-4FFF-8359-CBBCB9EF0D0D}.Debug|Win32.ActiveCfg = Debug|Win32
		{65ED32D1-775C-4FFF-8359-CBBCB9EF0D0D}.Debug|Win32.Build.0 = Debug|Win32
		{65ED32D1-775C-4FFF-8359-CBBCB9EF0D0D}.Release|Win32.ActiveCfg = Release|Win32
		{65ED32D1-775C-4FFF-8359-CBBCB9EF0D0D}.Release|Win32.Build.0 = Release|Win32
		{CE2384C6-141A-4FED-913C-BF0452212396}.Debug|Win32.ActiveCfg = Debug|Win32
		{CE2384C6-141A-4FED-913C-BF0452212396}.Debug|Win32.Build.0 = Debug|Win32
		{CE2384C6-141A-4FED-913C-BF0452212396}.Release|Win32.ActiveCfg = Release|Win32
		{CE2384C6-141A-4FED-913C-BF0452212396}.Release|Win32.Build.0 = Release|Win32
		{EF8D0CDB-D1E8-4376-8B3A-78FCB3373533}.Debug|Win32.ActiveCfg = Debug|Win32
		{EF8D0CDB-D1E8-4376-8B3A-78FCB3373533}.Debug|Win32.Build.0 = Debug|Win32
		{EF8D0CDB-D1E8-4376-8B3A-78FCB3373533}.Release|Win32.ActiveCfg = Release|Win32
		{EF8D0CDB-D1E8-4376-8B3A-78FCB3373533}.Release|Win32.Build.0 = Release|Win32
	EndGlobalSection
	GlobalSection(SolutionProperties) = preSolution
		HideSolutionNode = FALSE
	EndGlobalSection
EndGlobal
